
Microsoft Visual Studio Solution File, Format Version 12.00

Project("{FAE04EC0-301F-11D3-BF4B-00C04F79EFBC}") = "MarkdownHtmlHelper", "MarkdownHtmlHelper\MarkdownHtmlHelper.csproj", "{B3FC856C-A640-43BD-82F3-0CA5E23C0577}"
EndProject
Global
	GlobalSection(SolutionConfigurationPlatforms) = preSolution
		Debug|Any CPU = Debug|Any CPU
		Release|Any CPU = Release|Any CPU
	EndGlobalSection
	GlobalSection(ProjectConfigurationPlatforms) = postSolution
		{B3FC856C-A640-43BD-82F3-0CA5E23C0577}.Debug|Any CPU.ActiveCfg = Debug|Any CPU
		{B3FC856C-A640-43BD-82F3-0CA5E23C0577}.Debug|Any CPU.Build.0 = Debug|Any CPU
		{B3FC856C-A640-43BD-82F3-0CA5E23C0577}.Release|Any CPU.ActiveCfg = Release|Any CPU
		{B3FC856C-A640-43BD-82F3-0CA5E23C0577}.Release|Any CPU.Build.0 = Release|Any CPU
	EndGlobalSection
	GlobalSection(SolutionProperties) = preSolution
		HideSolutionNode = FALSE
	EndGlobalSection
EndGlobal
